# This file is automatically @generated by Cargo.
# It is not intended for manual editing.
version = 4

[[package]]
name = "quantum-cli"
version = "0.0.1"
dependencies = [
 "quantum-core",
 "quantum-loader",
]

[[package]]
name = "quantum-core"
version = "0.0.1"

[[package]]
name = "quantum-jit"
version = "0.0.1"
dependencies = [
 "quantum-core",
]

[[package]]
name = "quantum-kernel32"
version = "0.0.1"
dependencies = [
 "quantum-core",
 "quantum-ntdll",
]

[[package]]
name = "quantum-loader"
version = "0.0.1"
dependencies = [
 "quantum-core",
 "quantum-runtime",
]

[[package]]
name = "quantum-ntdll"
version = "0.0.1"
dependencies = [
 "quantum-core",
]

[[package]]
name = "quantum-runtime"
version = "0.0.1"
dependencies = [
 "quantum-core",
]
